
Microsoft Visual Studio Solution File, Format Version 12.00
# Visual Studio Version 17
VisualStudioVersion = 17.2.32616.157
MinimumVisualStudioVersion = 10.0.40219.1
Project("{FAE04EC0-301F-11D3-BF4B-00C04F79EFBC}") = "AT1WikiApplication", "AT1WikiApplication\AT1WikiApplication.csproj", "{FA21D6E2-096E-44CD-8E60-4EA9E7CF6253}"
EndProject
Global
	GlobalSection(SolutionConfigurationPlatforms) = preSolution
		Debug|Any CPU = Debug|Any CPU
		Release|Any CPU = Release|Any CPU
	EndGlobalSection
	GlobalSection(ProjectConfigurationPlatforms) = postSolution
		{FA21D6E2-096E-44CD-8E60-4EA9E7CF6253}.Debug|Any CPU.ActiveCfg = Debug|Any CPU
		{FA21D6E2-096E-44CD-8E60-4EA9E7CF6253}.Debug|Any CPU.Build.0 = Debug|Any CPU
		{FA21D6E2-096E-44CD-8E60-4EA9E7CF6253}.Release|Any CPU.ActiveCfg = Release|Any CPU
		{FA21D6E2-096E-44CD-8E60-4EA9E7CF6253}.Release|Any CPU.Build.0 = Release|Any CPU
	EndGlobalSection
	GlobalSection(SolutionProperties) = preSolution
		HideSolutionNode = FALSE
	EndGlobalSection
	GlobalSection(ExtensibilityGlobals) = postSolution
		SolutionGuid = {82E803E1-728F-44DE-888E-AD82B26EA5B2}
	EndGlobalSection
EndGlobal
